// !$*UTF8*$!
{
	archiveVersion = 1;
	classes = {
	};
	objectVersion = 46;
	objects = {

/* Begin PBXBuildFile section */
		10100B311B5904B300731753 /* main.m in Sources */ = {isa = PBXBuildFile; fileRef = 10100B301B5904B300731753 /* main.m */; };
		10100B341B5904B300731753 /* AppDelegate.m in Sources */ = {isa = PBXBuildFile; fileRef = 10100B331B5904B300731753 /* AppDelegate.m */; };
		10100B3C1B5904B300731753 /* Images.xcassets in Resources */ = {isa = PBXBuildFile; fileRef = 10100B3B1B5904B300731753 /* Images.xcassets */; };
		10100B3F1B5904B300731753 /* LaunchScreen.xib in Resources */ = {isa = PBXBuildFile; fileRef = 10100B3D1B5904B300731753 /* LaunchScreen.xib */; };
		10100B4B1B5904B300731753 /* BaseViewControllersTests.m in Sources */ = {isa = PBXBuildFile; fileRef = 10100B4A1B5904B300731753 /* BaseViewControllersTests.m */; };
		10100B591B5904F500731753 /* BaseViewController.m in Sources */ = {isa = PBXBuildFile; fileRef = 10100B561B5904F500731753 /* BaseViewController.m */; };
		10100B5A1B5904F500731753 /* BaseNavigationViewController.m in Sources */ = {isa = PBXBuildFile; fileRef = 10100B581B5904F500731753 /* BaseNavigationViewController.m */; };
		10100B5D1B59051900731753 /* RootViewController.m in Sources */ = {isa = PBXBuildFile; fileRef = 10100B5C1B59051900731753 /* RootViewController.m */; };
		10100B901B5906B200731753 /* AFHTTPRequestOperation.m in Sources */ = {isa = PBXBuildFile; fileRef = 10100B651B5906B200731753 /* AFHTTPRequestOperation.m */; };
		10100B911B5906B200731753 /* AFHTTPRequestOperationManager.m in Sources */ = {isa = PBXBuildFile; fileRef = 10100B671B5906B200731753 /* AFHTTPRequestOperationManager.m */; };
		10100B921B5906B200731753 /* AFHTTPSessionManager.m in Sources */ = {isa = PBXBuildFile; fileRef = 10100B691B5906B200731753 /* AFHTTPSessionManager.m */; };
		10100B931B5906B200731753 /* AFNetworkReachabilityManager.m in Sources */ = {isa = PBXBuildFile; fileRef = 10100B6C1B5906B200731753 /* AFNetworkReachabilityManager.m */; };
		10100B941B5906B200731753 /* AFSecurityPolicy.m in Sources */ = {isa = PBXBuildFile; fileRef = 10100B6E1B5906B200731753 /* AFSecurityPolicy.m */; };
		10100B951B5906B200731753 /* AFURLConnectionOperation.m in Sources */ = {isa = PBXBuildFile; fileRef = 10100B701B5906B200731753 /* AFURLConnectionOperation.m */; };
		10100B961B5906B200731753 /* AFURLRequestSerialization.m in Sources */ = {isa = PBXBuildFile; fileRef = 10100B721B5906B200731753 /* AFURLRequestSerialization.m */; };
		10100B971B5906B200731753 /* AFURLResponseSerialization.m in Sources */ = {isa = PBXBuildFile; fileRef = 10100B741B5906B200731753 /* AFURLResponseSerialization.m */; };
		10100B981B5906B200731753 /* AFURLSessionManager.m in Sources */ = {isa = PBXBuildFile; fileRef = 10100B761B5906B200731753 /* AFURLSessionManager.m */; };
		10100B991B5906B200731753 /* AFDownloadRequestOperation.m in Sources */ = {isa = PBXBuildFile; fileRef = 10100B791B5906B200731753 /* AFDownloadRequestOperation.m */; };
		10100B9A1B5906B200731753 /* DownloadTask.m in Sources */ = {isa = PBXBuildFile; fileRef = 10100B7B1B5906B200731753 /* DownloadTask.m */; };
		10100B9B1B5906B200731753 /* Networking.m in Sources */ = {isa = PBXBuildFile; fileRef = 10100B7D1B5906B200731753 /* Networking.m */; };
		10100B9C1B5906B200731753 /* AFNetworkActivityIndicatorManager.m in Sources */ = {isa = PBXBuildFile; fileRef = 10100B801B5906B200731753 /* AFNetworkActivityIndicatorManager.m */; };
		10100B9D1B5906B200731753 /* UIActivityIndicatorView+AFNetworking.m in Sources */ = {isa = PBXBuildFile; fileRef = 10100B821B5906B200731753 /* UIActivityIndicatorView+AFNetworking.m */; };
		10100B9E1B5906B200731753 /* UIAlertView+AFNetworking.m in Sources */ = {isa = PBXBuildFile; fileRef = 10100B841B5906B200731753 /* UIAlertView+AFNetworking.m */; };
		10100B9F1B5906B200731753 /* UIButton+AFNetworking.m in Sources */ = {isa = PBXBuildFile; fileRef = 10100B861B5906B200731753 /* UIButton+AFNetworking.m */; };
		10100BA01B5906B200731753 /* UIImageView+AFNetworking.m in Sources */ = {isa = PBXBuildFile; fileRef = 10100B881B5906B200731753 /* UIImageView+AFNetworking.m */; };
		10100BA11B5906B200731753 /* UIProgressView+AFNetworking.m in Sources */ = {isa = PBXBuildFile; fileRef = 10100B8B1B5906B200731753 /* UIProgressView+AFNetworking.m */; };
		10100BA21B5906B200731753 /* UIRefreshControl+AFNetworking.m in Sources */ = {isa = PBXBuildFile; fileRef = 10100B8D1B5906B200731753 /* UIRefreshControl+AFNetworking.m */; };
		10100BA31B5906B200731753 /* UIWebView+AFNetworking.m in Sources */ = {isa = PBXBuildFile; fileRef = 10100B8F1B5906B200731753 /* UIWebView+AFNetworking.m */; };
		1046DDB61B5B0F2600CAC50E /* RootNavigationViewController.m in Sources */ = {isa = PBXBuildFile; fileRef = 1046DDB51B5B0F2600CAC50E /* RootNavigationViewController.m */; };
		1046DDBA1B5B11D400CAC50E /* UIView+Inits.m in Sources */ = {isa = PBXBuildFile; fileRef = 1046DDB91B5B11D400CAC50E /* UIView+Inits.m */; };
		1046DDFB1B5BD6D500CAC50E /* GONMarkup+Private.m in Sources */ = {isa = PBXBuildFile; fileRef = 1046DDC11B5BD6D500CAC50E /* GONMarkup+Private.m */; };
		1046DDFC1B5BD6D500CAC50E /* GONMarkup.m in Sources */ = {isa = PBXBuildFile; fileRef = 1046DDC31B5BD6D500CAC50E /* GONMarkup.m */; };
		1046DDFD1B5BD6D500CAC50E /* GONMarkupAlignment.m in Sources */ = {isa = PBXBuildFile; fileRef = 1046DDC51B5BD6D500CAC50E /* GONMarkupAlignment.m */; };
		1046DDFE1B5BD6D500CAC50E /* GONMarkupAnchor.m in Sources */ = {isa = PBXBuildFile; fileRef = 1046DDC71B5BD6D500CAC50E /* GONMarkupAnchor.m */; };
		1046DDFF1B5BD6D500CAC50E /* GONMarkupBlock.m in Sources */ = {isa = PBXBuildFile; fileRef = 1046DDC91B5BD6D500CAC50E /* GONMarkupBlock.m */; };
		1046DE001B5BD6D500CAC50E /* GONMarkupBold.m in Sources */ = {isa = PBXBuildFile; fileRef = 1046DDCB1B5BD6D500CAC50E /* GONMarkupBold.m */; };
		1046DE011B5BD6D500CAC50E /* GONMarkupColor.m in Sources */ = {isa = PBXBuildFile; fileRef = 1046DDCD1B5BD6D500CAC50E /* GONMarkupColor.m */; };
		1046DE021B5BD6D500CAC50E /* GONMarkupDec.m in Sources */ = {isa = PBXBuildFile; fileRef = 1046DDCF1B5BD6D500CAC50E /* GONMarkupDec.m */; };
		1046DE031B5BD6D500CAC50E /* GONMarkupFont.m in Sources */ = {isa = PBXBuildFile; fileRef = 1046DDD21B5BD6D500CAC50E /* GONMarkupFont.m */; };
		1046DE041B5BD6D500CAC50E /* GONMarkupFontTraits.m in Sources */ = {isa = PBXBuildFile; fileRef = 1046DDD41B5BD6D500CAC50E /* GONMarkupFontTraits.m */; };
		1046DE051B5BD6D500CAC50E /* GONMarkupInc.m in Sources */ = {isa = PBXBuildFile; fileRef = 1046DDD61B5BD6D500CAC50E /* GONMarkupInc.m */; };
		1046DE061B5BD6D500CAC50E /* GONMarkupItalic.m in Sources */ = {isa = PBXBuildFile; fileRef = 1046DDD81B5BD6D500CAC50E /* GONMarkupItalic.m */; };
		1046DE071B5BD6D500CAC50E /* GONMarkupLineBreak.m in Sources */ = {isa = PBXBuildFile; fileRef = 1046DDDA1B5BD6D500CAC50E /* GONMarkupLineBreak.m */; };
		1046DE081B5BD6D500CAC50E /* GONMarkupLineStyle.m in Sources */ = {isa = PBXBuildFile; fileRef = 1046DDDC1B5BD6D500CAC50E /* GONMarkupLineStyle.m */; };
		1046DE091B5BD6D500CAC50E /* GONMarkupList.m in Sources */ = {isa = PBXBuildFile; fileRef = 1046DDDE1B5BD6D500CAC50E /* GONMarkupList.m */; };
		1046DE0A1B5BD6D500CAC50E /* GONMarkupListItem.m in Sources */ = {isa = PBXBuildFile; fileRef = 1046DDE01B5BD6D500CAC50E /* GONMarkupListItem.m */; };
		1046DE0B1B5BD6D500CAC50E /* GONMarkupNamedColor.m in Sources */ = {isa = PBXBuildFile; fileRef = 1046DDE21B5BD6D500CAC50E /* GONMarkupNamedColor.m */; };
		1046DE0C1B5BD6D500CAC50E /* GONMarkupNamedFont.m in Sources */ = {isa = PBXBuildFile; fileRef = 1046DDE41B5BD6D500CAC50E /* GONMarkupNamedFont.m */; };
		1046DE0D1B5BD6D500CAC50E /* GONMarkupParagrap.m in Sources */ = {isa = PBXBuildFile; fileRef = 1046DDE61B5BD6D500CAC50E /* GONMarkupParagrap.m */; };
		1046DE0E1B5BD6D500CAC50E /* GONMarkupParser.m in Sources */ = {isa = PBXBuildFile; fileRef = 1046DDE81B5BD6D500CAC50E /* GONMarkupParser.m */; };
		1046DE0F1B5BD6D500CAC50E /* GONMarkupParserManager.m in Sources */ = {isa = PBXBuildFile; fileRef = 1046DDEC1B5BD6D500CAC50E /* GONMarkupParserManager.m */; };
		1046DE101B5BD6D500CAC50E /* GONMarkupParserUtils.m in Sources */ = {isa = PBXBuildFile; fileRef = 1046DDEE1B5BD6D500CAC50E /* GONMarkupParserUtils.m */; };
		1046DE111B5BD6D500CAC50E /* GONMarkupReset.m in Sources */ = {isa = PBXBuildFile; fileRef = 1046DDF01B5BD6D500CAC50E /* GONMarkupReset.m */; };
		1046DE121B5BD6D500CAC50E /* GONMarkupSimple.m in Sources */ = {isa = PBXBuildFile; fileRef = 1046DDF21B5BD6D500CAC50E /* GONMarkupSimple.m */; };
		1046DE131B5BD6D500CAC50E /* GONMarkupTextStyle.m in Sources */ = {isa = PBXBuildFile; fileRef = 1046DDF41B5BD6D500CAC50E /* GONMarkupTextStyle.m */; };
		1046DE141B5BD6D500CAC50E /* UILabel+GONMarkupParser.m in Sources */ = {isa = PBXBuildFile; fileRef = 1046DDF61B5BD6D500CAC50E /* UILabel+GONMarkupParser.m */; };
		1046DE151B5BD6D500CAC50E /* UITextField+GONMarkupParser.m in Sources */ = {isa = PBXBuildFile; fileRef = 1046DDF81B5BD6D500CAC50E /* UITextField+GONMarkupParser.m */; };
		1046DE161B5BD6D500CAC50E /* UITextView+GONMarkupParser.m in Sources */ = {isa = PBXBuildFile; fileRef = 1046DDFA1B5BD6D500CAC50E /* UITextView+GONMarkupParser.m */; };
		1046DE1A1B5BD72D00CAC50E /* NSString+Color.m in Sources */ = {isa = PBXBuildFile; fileRef = 1046DE191B5BD72D00CAC50E /* NSString+Color.m */; };
		1046DE1D1B5BD80700CAC50E /* NSString+GONMarkupPaser.m in Sources */ = {isa = PBXBuildFile; fileRef = 1046DE1C1B5BD80700CAC50E /* NSString+GONMarkupPaser.m */; };
		1046DE211B5BDC5200CAC50E /* UILabel+Inits.m in Sources */ = {isa = PBXBuildFile; fileRef = 1046DE201B5BDC5200CAC50E /* UILabel+Inits.m */; };
		1046DE241B5BDD9300CAC50E /* UIView+SetRect.m in Sources */ = {isa = PBXBuildFile; fileRef = 1046DE231B5BDD9300CAC50E /* UIView+SetRect.m */; };
		10D8A3CB1B59E18E00B20025 /* UIColor+uiGradients.m in Sources */ = {isa = PBXBuildFile; fileRef = 10D8A3CA1B59E18E00B20025 /* UIColor+uiGradients.m */; };
		10D8A3D51B59E82A00B20025 /* GradientView.m in Sources */ = {isa = PBXBuildFile; fileRef = 10D8A3D41B59E82A00B20025 /* GradientView.m */; };
		10DCB6D41B59457C005F3A4A /* UIView+ScreensShot.m in Sources */ = {isa = PBXBuildFile; fileRef = 10DCB6D31B59457C005F3A4A /* UIView+ScreensShot.m */; };
		10E9489D1B607C7F0015BFB3 /* NSArray+JSONData.m in Sources */ = {isa = PBXBuildFile; fileRef = 10E948981B607C7F0015BFB3 /* NSArray+JSONData.m */; };
		10E9489E1B607C7F0015BFB3 /* NSDictionary+JSONData.m in Sources */ = {isa = PBXBuildFile; fileRef = 10E9489A1B607C7F0015BFB3 /* NSDictionary+JSONData.m */; };
		10E9489F1B607C7F0015BFB3 /* NSString+JSONData.m in Sources */ = {isa = PBXBuildFile; fileRef = 10E9489C1B607C7F0015BFB3 /* NSString+JSONData.m */; };
/* End PBXBuildFile section */

/* Begin PBXContainerItemProxy section */
		10100B451B5904B300731753 /* PBXContainerItemProxy */ = {
			isa = PBXContainerItemProxy;
			containerPortal = 10100B231B5904B300731753 /* Project object */;
			proxyType = 1;
			remoteGlobalIDString = 10100B2A1B5904B300731753;
			remoteInfo = BaseViewControllers;
		};
/* End PBXContainerItemProxy section */

/* Begin PBXFileReference section */
		10100B2B1B5904B300731753 /* BaseViewControllers.app */ = {isa = PBXFileReference; explicitFileType = wrapper.application; includeInIndex = 0; path = BaseViewControllers.app; sourceTree = BUILT_PRODUCTS_DIR; };
		10100B2F1B5904B300731753 /* Info.plist */ = {isa = PBXFileReference; lastKnownFileType = text.plist.xml; path = Info.plist; sourceTree = "<group>"; };
		10100B301B5904B300731753 /* main.m */ = {isa = PBXFileReference; lastKnownFileType = sourcecode.c.objc; path = main.m; sourceTree = "<group>"; };
		10100B321B5904B300731753 /* AppDelegate.h */ = {isa = PBXFileReference; lastKnownFileType = sourcecode.c.h; path = AppDelegate.h; sourceTree = "<group>"; };
		10100B331B5904B300731753 /* AppDelegate.m */ = {isa = PBXFileReference; lastKnownFileType = sourcecode.c.objc; path = AppDelegate.m; sourceTree = "<group>"; };
		10100B3B1B5904B300731753 /* Images.xcassets */ = {isa = PBXFileReference; lastKnownFileType = folder.assetcatalog; path = Images.xcassets; sourceTree = "<group>"; };
		10100B3E1B5904B300731753 /* Base */ = {isa = PBXFileReference; lastKnownFileType = file.xib; name = Base; path = Base.lproj/LaunchScreen.xib; sourceTree = "<group>"; };
		10100B441B5904B300731753 /* BaseViewControllersTests.xctest */ = {isa = PBXFileReference; explicitFileType = wrapper.cfbundle; includeInIndex = 0; path = BaseViewControllersTests.xctest; sourceTree = BUILT_PRODUCTS_DIR; };
		10100B491B5904B300731753 /* Info.plist */ = {isa = PBXFileReference; lastKnownFileType = text.plist.xml; path = Info.plist; sourceTree = "<group>"; };
		10100B4A1B5904B300731753 /* BaseViewControllersTests.m */ = {isa = PBXFileReference; lastKnownFileType = sourcecode.c.objc; path = BaseViewControllersTests.m; sourceTree = "<group>"; };
		10100B551B5904F500731753 /* BaseViewController.h */ = {isa = PBXFileReference; fileEncoding = 4; lastKnownFileType = sourcecode.c.h; path = BaseViewController.h; sourceTree = "<group>"; };
		10100B561B5904F500731753 /* BaseViewController.m */ = {isa = PBXFileReference; fileEncoding = 4; lastKnownFileType = sourcecode.c.objc; path = BaseViewController.m; sourceTree = "<group>"; };
		10100B571B5904F500731753 /* BaseNavigationViewController.h */ = {isa = PBXFileReference; fileEncoding = 4; lastKnownFileType = sourcecode.c.h; path = BaseNavigationViewController.h; sourceTree = "<group>"; };
		10100B581B5904F500731753 /* BaseNavigationViewController.m */ = {isa = PBXFileReference; fileEncoding = 4; lastKnownFileType = sourcecode.c.objc; path = BaseNavigationViewController.m; sourceTree = "<group>"; };
		10100B5B1B59051900731753 /* RootViewController.h */ = {isa = PBXFileReference; fileEncoding = 4; lastKnownFileType = sourcecode.c.h; path = RootViewController.h; sourceTree = "<group>"; };
		10100B5C1B59051900731753 /* RootViewController.m */ = {isa = PBXFileReference; fileEncoding = 4; lastKnownFileType = sourcecode.c.objc; path = RootViewController.m; sourceTree = "<group>"; };
		10100B641B5906B200731753 /* AFHTTPRequestOperation.h */ = {isa = PBXFileReference; fileEncoding = 4; lastKnownFileType = sourcecode.c.h; path = AFHTTPRequestOperation.h; sourceTree = "<group>"; };
		10100B651B5906B200731753 /* AFHTTPRequestOperation.m */ = {isa = PBXFileReference; fileEncoding = 4; lastKnownFileType = sourcecode.c.objc; path = AFHTTPRequestOperation.m; sourceTree = "<group>"; };
		10100B661B5906B200731753 /* AFHTTPRequestOperationManager.h */ = {isa = PBXFileReference; fileEncoding = 4; lastKnownFileType = sourcecode.c.h; path = AFHTTPRequestOperationManager.h; sourceTree = "<group>"; };
		10100B671B5906B200731753 /* AFHTTPRequestOperationManager.m */ = {isa = PBXFileReference; fileEncoding = 4; lastKnownFileType = sourcecode.c.objc; path = AFHTTPRequestOperationManager.m; sourceTree = "<group>"; };
		10100B681B5906B200731753 /* AFHTTPSessionManager.h */ = {isa = PBXFileReference; fileEncoding = 4; lastKnownFileType = sourcecode.c.h; path = AFHTTPSessionManager.h; sourceTree = "<group>"; };
		10100B691B5906B200731753 /* AFHTTPSessionManager.m */ = {isa = PBXFileReference; fileEncoding = 4; lastKnownFileType = sourcecode.c.objc; path = AFHTTPSessionManager.m; sourceTree = "<group>"; };
		10100B6A1B5906B200731753 /* AFNetworking.h */ = {isa = PBXFileReference; fileEncoding = 4; lastKnownFileType = sourcecode.c.h; path = AFNetworking.h; sourceTree = "<group>"; };
		10100B6B1B5906B200731753 /* AFNetworkReachabilityManager.h */ = {isa = PBXFileReference; fileEncoding = 4; lastKnownFileType = sourcecode.c.h; path = AFNetworkReachabilityManager.h; sourceTree = "<group>"; };
		10100B6C1B5906B200731753 /* AFNetworkReachabilityManager.m */ = {isa = PBXFileReference; fileEncoding = 4; lastKnownFileType = sourcecode.c.objc; path = AFNetworkReachabilityManager.m; sourceTree = "<group>"; };
		10100B6D1B5906B200731753 /* AFSecurityPolicy.h */ = {isa = PBXFileReference; fileEncoding = 4; lastKnownFileType = sourcecode.c.h; path = AFSecurityPolicy.h; sourceTree = "<group>"; };
		10100B6E1B5906B200731753 /* AFSecurityPolicy.m */ = {isa = PBXFileReference; fileEncoding = 4; lastKnownFileType = sourcecode.c.objc; path = AFSecurityPolicy.m; sourceTree = "<group>"; };
		10100B6F1B5906B200731753 /* AFURLConnectionOperation.h */ = {isa = PBXFileReference; fileEncoding = 4; lastKnownFileType = sourcecode.c.h; path = AFURLConnectionOperation.h; sourceTree = "<group>"; };
		10100B701B5906B200731753 /* AFURLConnectionOperation.m */ = {isa = PBXFileReference; fileEncoding = 4; lastKnownFileType = sourcecode.c.objc; path = AFURLConnectionOperation.m; sourceTree = "<group>"; };
		10100B711B5906B200731753 /* AFURLRequestSerialization.h */ = {isa = PBXFileReference; fileEncoding = 4; lastKnownFileType = sourcecode.c.h; path = AFURLRequestSerialization.h; sourceTree = "<group>"; };
		10100B721B5906B200731753 /* AFURLRequestSerialization.m */ = {isa = PBXFileReference; fileEncoding = 4; lastKnownFileType = sourcecode.c.objc; path = AFURLRequestSerialization.m; sourceTree = "<group>"; };
		10100B731B5906B200731753 /* AFURLResponseSerialization.h */ = {isa = PBXFileReference; fileEncoding = 4; lastKnownFileType = sourcecode.c.h; path = AFURLResponseSerialization.h; sourceTree = "<group>"; };
		10100B741B5906B200731753 /* AFURLResponseSerialization.m */ = {isa = PBXFileReference; fileEncoding = 4; lastKnownFileType = sourcecode.c.objc; path = AFURLResponseSerialization.m; sourceTree = "<group>"; };
		10100B751B5906B200731753 /* AFURLSessionManager.h */ = {isa = PBXFileReference; fileEncoding = 4; lastKnownFileType = sourcecode.c.h; path = AFURLSessionManager.h; sourceTree = "<group>"; };
		10100B761B5906B200731753 /* AFURLSessionManager.m */ = {isa = PBXFileReference; fileEncoding = 4; lastKnownFileType = sourcecode.c.objc; path = AFURLSessionManager.m; sourceTree = "<group>"; };
		10100B781B5906B200731753 /* AFDownloadRequestOperation.h */ = {isa = PBXFileReference; fileEncoding = 4; lastKnownFileType = sourcecode.c.h; path = AFDownloadRequestOperation.h; sourceTree = "<group>"; };
		10100B791B5906B200731753 /* AFDownloadRequestOperation.m */ = {isa = PBXFileReference; fileEncoding = 4; lastKnownFileType = sourcecode.c.objc; path = AFDownloadRequestOperation.m; sourceTree = "<group>"; };
		10100B7A1B5906B200731753 /* DownloadTask.h */ = {isa = PBXFileReference; fileEncoding = 4; lastKnownFileType = sourcecode.c.h; path = DownloadTask.h; sourceTree = "<group>"; };
		10100B7B1B5906B200731753 /* DownloadTask.m */ = {isa = PBXFileReference; fileEncoding = 4; lastKnownFileType = sourcecode.c.objc; path = DownloadTask.m; sourceTree = "<group>"; };
		10100B7C1B5906B200731753 /* Networking.h */ = {isa = PBXFileReference; fileEncoding = 4; lastKnownFileType = sourcecode.c.h; path = Networking.h; sourceTree = "<group>"; };
		10100B7D1B5906B200731753 /* Networking.m */ = {isa = PBXFileReference; fileEncoding = 4; lastKnownFileType = sourcecode.c.objc; path = Networking.m; sourceTree = "<group>"; };
		10100B7F1B5906B200731753 /* AFNetworkActivityIndicatorManager.h */ = {isa = PBXFileReference; fileEncoding = 4; lastKnownFileType = sourcecode.c.h; path = AFNetworkActivityIndicatorManager.h; sourceTree = "<group>"; };
		10100B801B5906B200731753 /* AFNetworkActivityIndicatorManager.m */ = {isa = PBXFileReference; fileEncoding = 4; lastKnownFileType = sourcecode.c.objc; path = AFNetworkActivityIndicatorManager.m; sourceTree = "<group>"; };
		10100B811B5906B200731753 /* UIActivityIndicatorView+AFNetworking.h */ = {isa = PBXFileReference; fileEncoding = 4; lastKnownFileType = sourcecode.c.h; path = "UIActivityIndicatorView+AFNetworking.h"; sourceTree = "<group>"; };
		10100B821B5906B200731753 /* UIActivityIndicatorView+AFNetworking.m */ = {isa = PBXFileReference; fileEncoding = 4; lastKnownFileType = sourcecode.c.objc; path = "UIActivityIndicatorView+AFNetworking.m"; sourceTree = "<group>"; };
		10100B831B5906B200731753 /* UIAlertView+AFNetworking.h */ = {isa = PBXFileReference; fileEncoding = 4; lastKnownFileType = sourcecode.c.h; path = "UIAlertView+AFNetworking.h"; sourceTree = "<group>"; };
		10100B841B5906B200731753 /* UIAlertView+AFNetworking.m */ = {isa = PBXFileReference; fileEncoding = 4; lastKnownFileType = sourcecode.c.objc; path = "UIAlertView+AFNetworking.m"; sourceTree = "<group>"; };
		10100B851B5906B200731753 /* UIButton+AFNetworking.h */ = {isa = PBXFileReference; fileEncoding = 4; lastKnownFileType = sourcecode.c.h; path = "UIButton+AFNetworking.h"; sourceTree = "<group>"; };
		10100B861B5906B200731753 /* UIButton+AFNetworking.m */ = {isa = PBXFileReference; fileEncoding = 4; lastKnownFileType = sourcecode.c.objc; path = "UIButton+AFNetworking.m"; sourceTree = "<group>"; };
		10100B871B5906B200731753 /* UIImageView+AFNetworking.h */ = {isa = PBXFileReference; fileEncoding = 4; lastKnownFileType = sourcecode.c.h; path = "UIImageView+AFNetworking.h"; sourceTree = "<group>"; };
		10100B881B5906B200731753 /* UIImageView+AFNetworking.m */ = {isa = PBXFileReference; fileEncoding = 4; lastKnownFileType = sourcecode.c.objc; path = "UIImageView+AFNetworking.m"; sourceTree = "<group>"; };
		10100B891B5906B200731753 /* UIKit+AFNetworking.h */ = {isa = PBXFileReference; fileEncoding = 4; lastKnownFileType = sourcecode.c.h; path = "UIKit+AFNetworking.h"; sourceTree = "<group>"; };
		10100B8A1B5906B200731753 /* UIProgressView+AFNetworking.h */ = {isa = PBXFileReference; fileEncoding = 4; lastKnownFileType = sourcecode.c.h; path = "UIProgressView+AFNetworking.h"; sourceTree = "<group>"; };
		10100B8B1B5906B200731753 /* UIProgressView+AFNetworking.m */ = {isa = PBXFileReference; fileEncoding = 4; lastKnownFileType = sourcecode.c.objc; path = "UIProgressView+AFNetworking.m"; sourceTree = "<group>"; };
		10100B8C1B5906B200731753 /* UIRefreshControl+AFNetworking.h */ = {isa = PBXFileReference; fileEncoding = 4; lastKnownFileType = sourcecode.c.h; path = "UIRefreshControl+AFNetworking.h"; sourceTree = "<group>"; };
		10100B8D1B5906B200731753 /* UIRefreshControl+AFNetworking.m */ = {isa = PBXFileReference; fileEncoding = 4; lastKnownFileType = sourcecode.c.objc; path = "UIRefreshControl+AFNetworking.m"; sourceTree = "<group>"; };
		10100B8E1B5906B200731753 /* UIWebView+AFNetworking.h */ = {isa = PBXFileReference; fileEncoding = 4; lastKnownFileType = sourcecode.c.h; path = "UIWebView+AFNetworking.h"; sourceTree = "<group>"; };
		10100B8F1B5906B200731753 /* UIWebView+AFNetworking.m */ = {isa = PBXFileReference; fileEncoding = 4; lastKnownFileType = sourcecode.c.objc; path = "UIWebView+AFNetworking.m"; sourceTree = "<group>"; };
		10100BA41B5906EB00731753 /* BaseViewControllers.pch */ = {isa = PBXFileReference; lastKnownFileType = sourcecode.c.h; path = BaseViewControllers.pch; sourceTree = "<group>"; };
		1046DDB41B5B0F2600CAC50E /* RootNavigationViewController.h */ = {isa = PBXFileReference; fileEncoding = 4; lastKnownFileType = sourcecode.c.h; path = RootNavigationViewController.h; sourceTree = "<group>"; };
		1046DDB51B5B0F2600CAC50E /* RootNavigationViewController.m */ = {isa = PBXFileReference; fileEncoding = 4; lastKnownFileType = sourcecode.c.objc; path = RootNavigationViewController.m; sourceTree = "<group>"; };
		1046DDB71B5B10F800CAC50E /* WxHxD.h */ = {isa = PBXFileReference; fileEncoding = 4; lastKnownFileType = sourcecode.c.h; path = WxHxD.h; sourceTree = "<group>"; };
		1046DDB81B5B11D400CAC50E /* UIView+Inits.h */ = {isa = PBXFileReference; fileEncoding = 4; lastKnownFileType = sourcecode.c.h; path = "UIView+Inits.h"; sourceTree = "<group>"; };
		1046DDB91B5B11D400CAC50E /* UIView+Inits.m */ = {isa = PBXFileReference; fileEncoding = 4; lastKnownFileType = sourcecode.c.objc; path = "UIView+Inits.m"; sourceTree = "<group>"; };
		1046DDBB1B5B133C00CAC50E /* UsedColor.h */ = {isa = PBXFileReference; fileEncoding = 4; lastKnownFileType = sourcecode.c.h; path = UsedColor.h; sourceTree = "<group>"; };
		1046DDC01B5BD6D500CAC50E /* GONMarkup+Private.h */ = {isa = PBXFileReference; fileEncoding = 4; lastKnownFileType = sourcecode.c.h; path = "GONMarkup+Private.h"; sourceTree = "<group>"; };
		1046DDC11B5BD6D500CAC50E /* GONMarkup+Private.m */ = {isa = PBXFileReference; fileEncoding = 4; lastKnownFileType = sourcecode.c.objc; path = "GONMarkup+Private.m"; sourceTree = "<group>"; };
		1046DDC21B5BD6D500CAC50E /* GONMarkup.h */ = {isa = PBXFileReference; fileEncoding = 4; lastKnownFileType = sourcecode.c.h; path = GONMarkup.h; sourceTree = "<group>"; };
		1046DDC31B5BD6D500CAC50E /* GONMarkup.m */ = {isa = PBXFileReference; fileEncoding = 4; lastKnownFileType = sourcecode.c.objc; path = GONMarkup.m; sourceTree = "<group>"; };
		1046DDC41B5BD6D500CAC50E /* GONMarkupAlignment.h */ = {isa = PBXFileReference; fileEncoding = 4; lastKnownFileType = sourcecode.c.h; path = GONMarkupAlignment.h; sourceTree = "<group>"; };
		1046DDC51B5BD6D500CAC50E /* GONMarkupAlignment.m */ = {isa = PBXFileReference; fileEncoding = 4; lastKnownFileType = sourcecode.c.objc; path = GONMarkupAlignment.m; sourceTree = "<group>"; };
		1046DDC61B5BD6D500CAC50E /* GONMarkupAnchor.h */ = {isa = PBXFileReference; fileEncoding = 4; lastKnownFileType = sourcecode.c.h; path = GONMarkupAnchor.h; sourceTree = "<group>"; };
		1046DDC71B5BD6D500CAC50E /* GONMarkupAnchor.m */ = {isa = PBXFileReference; fileEncoding = 4; lastKnownFileType = sourcecode.c.objc; path = GONMarkupAnchor.m; sourceTree = "<group>"; };
		1046DDC81B5BD6D500CAC50E /* GONMarkupBlock.h */ = {isa = PBXFileReference; fileEncoding = 4; lastKnownFileType = sourcecode.c.h; path = GONMarkupBlock.h; sourceTree = "<group>"; };
		1046DDC91B5BD6D500CAC50E /* GONMarkupBlock.m */ = {isa = PBXFileReference; fileEncoding = 4; lastKnownFileType = sourcecode.c.objc; path = GONMarkupBlock.m; sourceTree = "<group>"; };
		1046DDCA1B5BD6D500CAC50E /* GONMarkupBold.h */ = {isa = PBXFileReference; fileEncoding = 4; lastKnownFileType = sourcecode.c.h; path = GONMarkupBold.h; sourceTree = "<group>"; };
		1046DDCB1B5BD6D500CAC50E /* GONMarkupBold.m */ = {isa = PBXFileReference; fileEncoding = 4; lastKnownFileType = sourcecode.c.objc; path = GONMarkupBold.m; sourceTree = "<group>"; };
		1046DDCC1B5BD6D500CAC50E /* GONMarkupColor.h */ = {isa = PBXFileReference; fileEncoding = 4; lastKnownFileType = sourcecode.c.h; path = GONMarkupColor.h; sourceTree = "<group>"; };
		1046DDCD1B5BD6D500CAC50E /* GONMarkupColor.m */ = {isa = PBXFileReference; fileEncoding = 4; lastKnownFileType = sourcecode.c.objc; path = GONMarkupColor.m; sourceTree = "<group>"; };
		1046DDCE1B5BD6D500CAC50E /* GONMarkupDec.h */ = {isa = PBXFileReference; fileEncoding = 4; lastKnownFileType = sourcecode.c.h; path = GONMarkupDec.h; sourceTree = "<group>"; };
		1046DDCF1B5BD6D500CAC50E /* GONMarkupDec.m */ = {isa = PBXFileReference; fileEncoding = 4; lastKnownFileType = sourcecode.c.objc; path = GONMarkupDec.m; sourceTree = "<group>"; };
		1046DDD01B5BD6D500CAC50E /* GONMarkupDefaultMarkups.h */ = {isa = PBXFileReference; fileEncoding = 4; lastKnownFileType = sourcecode.c.h; path = GONMarkupDefaultMarkups.h; sourceTree = "<group>"; };
		1046DDD11B5BD6D500CAC50E /* GONMarkupFont.h */ = {isa = PBXFileReference; fileEncoding = 4; lastKnownFileType = sourcecode.c.h; path = GONMarkupFont.h; sourceTree = "<group>"; };
		1046DDD21B5BD6D500CAC50E /* GONMarkupFont.m */ = {isa = PBXFileReference; fileEncoding = 4; lastKnownFileType = sourcecode.c.objc; path = GONMarkupFont.m; sourceTree = "<group>"; };
		1046DDD31B5BD6D500CAC50E /* GONMarkupFontTraits.h */ = {isa = PBXFileReference; fileEncoding = 4; lastKnownFileType = sourcecode.c.h; path = GONMarkupFontTraits.h; sourceTree = "<group>"; };
		1046DDD41B5BD6D500CAC50E /* GONMarkupFontTraits.m */ = {isa = PBXFileReference; fileEncoding = 4; lastKnownFileType = sourcecode.c.objc; path = GONMarkupFontTraits.m; sourceTree = "<group>"; };
		1046DDD51B5BD6D500CAC50E /* GONMarkupInc.h */ = {isa = PBXFileReference; fileEncoding = 4; lastKnownFileType = sourcecode.c.h; path = GONMarkupInc.h; sourceTree = "<group>"; };
		1046DDD61B5BD6D500CAC50E /* GONMarkupInc.m */ = {isa = PBXFileReference; fileEncoding = 4; lastKnownFileType = sourcecode.c.objc; path = GONMarkupInc.m; sourceTree = "<group>"; };
		1046DDD71B5BD6D500CAC50E /* GONMarkupItalic.h */ = {isa = PBXFileReference; fileEncoding = 4; lastKnownFileType = sourcecode.c.h; path = GONMarkupItalic.h; sourceTree = "<group>"; };
		1046DDD81B5BD6D500CAC50E /* GONMarkupItalic.m */ = {isa = PBXFileReference; fileEncoding = 4; lastKnownFileType = sourcecode.c.objc; path = GONMarkupItalic.m; sourceTree = "<group>"; };
		1046DDD91B5BD6D500CAC50E /* GONMarkupLineBreak.h */ = {isa = PBXFileReference; fileEncoding = 4; lastKnownFileType = sourcecode.c.h; path = GONMarkupLineBreak.h; sourceTree = "<group>"; };
		1046DDDA1B5BD6D500CAC50E /* GONMarkupLineBreak.m */ = {isa = PBXFileReference; fileEncoding = 4; lastKnownFileType = sourcecode.c.objc; path = GONMarkupLineBreak.m; sourceTree = "<group>"; };
		1046DDDB1B5BD6D500CAC50E /* GONMarkupLineStyle.h */ = {isa = PBXFileReference; fileEncoding = 4; lastKnownFileType = sourcecode.c.h; path = GONMarkupLineStyle.h; sourceTree = "<group>"; };
		1046DDDC1B5BD6D500CAC50E /* GONMarkupLineStyle.m */ = {isa = PBXFileReference; fileEncoding = 4; lastKnownFileType = sourcecode.c.objc; path = GONMarkupLineStyle.m; sourceTree = "<group>"; };
		1046DDDD1B5BD6D500CAC50E /* GONMarkupList.h */ = {isa = PBXFileReference; fileEncoding = 4; lastKnownFileType = sourcecode.c.h; path = GONMarkupList.h; sourceTree = "<group>"; };
		1046DDDE1B5BD6D500CAC50E /* GONMarkupList.m */ = {isa = PBXFileReference; fileEncoding = 4; lastKnownFileType = sourcecode.c.objc; path = GONMarkupList.m; sourceTree = "<group>"; };
		1046DDDF1B5BD6D500CAC50E /* GONMarkupListItem.h */ = {isa = PBXFileReference; fileEncoding = 4; lastKnownFileType = sourcecode.c.h; path = GONMarkupListItem.h; sourceTree = "<group>"; };
		1046DDE01B5BD6D500CAC50E /* GONMarkupListItem.m */ = {isa = PBXFileReference; fileEncoding = 4; lastKnownFileType = sourcecode.c.objc; path = GONMarkupListItem.m; sourceTree = "<group>"; };
		1046DDE11B5BD6D500CAC50E /* GONMarkupNamedColor.h */ = {isa = PBXFileReference; fileEncoding = 4; lastKnownFileType = sourcecode.c.h; path = GONMarkupNamedColor.h; sourceTree = "<group>"; };
		1046DDE21B5BD6D500CAC50E /* GONMarkupNamedColor.m */ = {isa = PBXFileReference; fileEncoding = 4; lastKnownFileType = sourcecode.c.objc; path = GONMarkupNamedColor.m; sourceTree = "<group>"; };
		1046DDE31B5BD6D500CAC50E /* GONMarkupNamedFont.h */ = {isa = PBXFileReference; fileEncoding = 4; lastKnownFileType = sourcecode.c.h; path = GONMarkupNamedFont.h; sourceTree = "<group>"; };
		1046DDE41B5BD6D500CAC50E /* GONMarkupNamedFont.m */ = {isa = PBXFileReference; fileEncoding = 4; lastKnownFileType = sourcecode.c.objc; path = GONMarkupNamedFont.m; sourceTree = "<group>"; };
		1046DDE51B5BD6D500CAC50E /* GONMarkupParagrap.h */ = {isa = PBXFileReference; fileEncoding = 4; lastKnownFileType = sourcecode.c.h; path = GONMarkupParagrap.h; sourceTree = "<group>"; };
		1046DDE61B5BD6D500CAC50E /* GONMarkupParagrap.m */ = {isa = PBXFileReference; fileEncoding = 4; lastKnownFileType = sourcecode.c.objc; path = GONMarkupParagrap.m; sourceTree = "<group>"; };
		1046DDE71B5BD6D500CAC50E /* GONMarkupParser.h */ = {isa = PBXFileReference; fileEncoding = 4; lastKnownFileType = sourcecode.c.h; path = GONMarkupParser.h; sourceTree = "<group>"; };
		1046DDE81B5BD6D500CAC50E /* GONMarkupParser.m */ = {isa = PBXFileReference; fileEncoding = 4; lastKnownFileType = sourcecode.c.objc; path = GONMarkupParser.m; sourceTree = "<group>"; };
		1046DDE91B5BD6D500CAC50E /* GONMarkupParser_All.h */ = {isa = PBXFileReference; fileEncoding = 4; lastKnownFileType = sourcecode.c.h; path = GONMarkupParser_All.h; sourceTree = "<group>"; };
		1046DDEA1B5BD6D500CAC50E /* GONMarkupParser_Categories.h */ = {isa = PBXFileReference; fileEncoding = 4; lastKnownFileType = sourcecode.c.h; path = GONMarkupParser_Categories.h; sourceTree = "<group>"; };
		1046DDEB1B5BD6D500CAC50E /* GONMarkupParserManager.h */ = {isa = PBXFileReference; fileEncoding = 4; lastKnownFileType = sourcecode.c.h; path = GONMarkupParserManager.h; sourceTree = "<group>"; };
		1046DDEC1B5BD6D500CAC50E /* GONMarkupParserManager.m */ = {isa = PBXFileReference; fileEncoding = 4; lastKnownFileType = sourcecode.c.objc; path = GONMarkupParserManager.m; sourceTree = "<group>"; };
		1046DDED1B5BD6D500CAC50E /* GONMarkupParserUtils.h */ = {isa = PBXFileReference; fileEncoding = 4; lastKnownFileType = sourcecode.c.h; path = GONMarkupParserUtils.h; sourceTree = "<group>"; };
		1046DDEE1B5BD6D500CAC50E /* GONMarkupParserUtils.m */ = {isa = PBXFileReference; fileEncoding = 4; lastKnownFileType = sourcecode.c.objc; path = GONMarkupParserUtils.m; sourceTree = "<group>"; };
		1046DDEF1B5BD6D500CAC50E /* GONMarkupReset.h */ = {isa = PBXFileReference; fileEncoding = 4; lastKnownFileType = sourcecode.c.h; path = GONMarkupReset.h; sourceTree = "<group>"; };
		1046DDF01B5BD6D500CAC50E /* GONMarkupReset.m */ = {isa = PBXFileReference; fileEncoding = 4; lastKnownFileType = sourcecode.c.objc; path = GONMarkupReset.m; sourceTree = "<group>"; };
		1046DDF11B5BD6D500CAC50E /* GONMarkupSimple.h */ = {isa = PBXFileReference; fileEncoding = 4; lastKnownFileType = sourcecode.c.h; path = GONMarkupSimple.h; sourceTree = "<group>"; };
		1046DDF21B5BD6D500CAC50E /* GONMarkupSimple.m */ = {isa = PBXFileReference; fileEncoding = 4; lastKnownFileType = sourcecode.c.objc; path = GONMarkupSimple.m; sourceTree = "<group>"; };
		1046DDF31B5BD6D500CAC50E /* GONMarkupTextStyle.h */ = {isa = PBXFileReference; fileEncoding = 4; lastKnownFileType = sourcecode.c.h; path = GONMarkupTextStyle.h; sourceTree = "<group>"; };
		1046DDF41B5BD6D500CAC50E /* GONMarkupTextStyle.m */ = {isa = PBXFileReference; fileEncoding = 4; lastKnownFileType = sourcecode.c.objc; path = GONMarkupTextStyle.m; sourceTree = "<group>"; };
		1046DDF51B5BD6D500CAC50E /* UILabel+GONMarkupParser.h */ = {isa = PBXFileReference; fileEncoding = 4; lastKnownFileType = sourcecode.c.h; path = "UILabel+GONMarkupParser.h"; sourceTree = "<group>"; };
		1046DDF61B5BD6D500CAC50E /* UILabel+GONMarkupParser.m */ = {isa = PBXFileReference; fileEncoding = 4; lastKnownFileType = sourcecode.c.objc; path = "UILabel+GONMarkupParser.m"; sourceTree = "<group>"; };
		1046DDF71B5BD6D500CAC50E /* UITextField+GONMarkupParser.h */ = {isa = PBXFileReference; fileEncoding = 4; lastKnownFileType = sourcecode.c.h; path = "UITextField+GONMarkupParser.h"; sourceTree = "<group>"; };
		1046DDF81B5BD6D500CAC50E /* UITextField+GONMarkupParser.m */ = {isa = PBXFileReference; fileEncoding = 4; lastKnownFileType = sourcecode.c.objc; path = "UITextField+GONMarkupParser.m"; sourceTree = "<group>"; };
		1046DDF91B5BD6D500CAC50E /* UITextView+GONMarkupParser.h */ = {isa = PBXFileReference; fileEncoding = 4; lastKnownFileType = sourcecode.c.h; path = "UITextView+GONMarkupParser.h"; sourceTree = "<group>"; };
		1046DDFA1B5BD6D500CAC50E /* UITextView+GONMarkupParser.m */ = {isa = PBXFileReference; fileEncoding = 4; lastKnownFileType = sourcecode.c.objc; path = "UITextView+GONMarkupParser.m"; sourceTree = "<group>"; };
		1046DE181B5BD72D00CAC50E /* NSString+Color.h */ = {isa = PBXFileReference; fileEncoding = 4; lastKnownFileType = sourcecode.c.h; path = "NSString+Color.h"; sourceTree = "<group>"; };
		1046DE191B5BD72D00CAC50E /* NSString+Color.m */ = {isa = PBXFileReference; fileEncoding = 4; lastKnownFileType = sourcecode.c.objc; path = "NSString+Color.m"; sourceTree = "<group>"; };
		1046DE1B1B5BD80700CAC50E /* NSString+GONMarkupPaser.h */ = {isa = PBXFileReference; fileEncoding = 4; lastKnownFileType = sourcecode.c.h; path = "NSString+GONMarkupPaser.h"; sourceTree = "<group>"; };
		1046DE1C1B5BD80700CAC50E /* NSString+GONMarkupPaser.m */ = {isa = PBXFileReference; fileEncoding = 4; lastKnownFileType = sourcecode.c.objc; path = "NSString+GONMarkupPaser.m"; sourceTree = "<group>"; };
		1046DE1F1B5BDC5200CAC50E /* UILabel+Inits.h */ = {isa = PBXFileReference; fileEncoding = 4; lastKnownFileType = sourcecode.c.h; path = "UILabel+Inits.h"; sourceTree = "<group>"; };
		1046DE201B5BDC5200CAC50E /* UILabel+Inits.m */ = {isa = PBXFileReference; fileEncoding = 4; lastKnownFileType = sourcecode.c.objc; path = "UILabel+Inits.m"; sourceTree = "<group>"; };
		1046DE221B5BDD9300CAC50E /* UIView+SetRect.h */ = {isa = PBXFileReference; fileEncoding = 4; lastKnownFileType = sourcecode.c.h; path = "UIView+SetRect.h"; sourceTree = "<group>"; };
		1046DE231B5BDD9300CAC50E /* UIView+SetRect.m */ = {isa = PBXFileReference; fileEncoding = 4; lastKnownFileType = sourcecode.c.objc; path = "UIView+SetRect.m"; sourceTree = "<group>"; };
		1046DE251B5BDF8300CAC50E /* UIViewStatesProtocol.h */ = {isa = PBXFileReference; fileEncoding = 4; lastKnownFileType = sourcecode.c.h; path = UIViewStatesProtocol.h; sourceTree = "<group>"; };
		10D8A3C91B59E18E00B20025 /* UIColor+uiGradients.h */ = {isa = PBXFileReference; fileEncoding = 4; lastKnownFileType = sourcecode.c.h; path = "UIColor+uiGradients.h"; sourceTree = "<group>"; };
		10D8A3CA1B59E18E00B20025 /* UIColor+uiGradients.m */ = {isa = PBXFileReference; fileEncoding = 4; lastKnownFileType = sourcecode.c.objc; path = "UIColor+uiGradients.m"; sourceTree = "<group>"; };
		10D8A3D31B59E82A00B20025 /* GradientView.h */ = {isa = PBXFileReference; fileEncoding = 4; lastKnownFileType = sourcecode.c.h; path = GradientView.h; sourceTree = "<group>"; };
		10D8A3D41B59E82A00B20025 /* GradientView.m */ = {isa = PBXFileReference; fileEncoding = 4; lastKnownFileType = sourcecode.c.objc; path = GradientView.m; sourceTree = "<group>"; };
		10DCB6D21B59457C005F3A4A /* UIView+ScreensShot.h */ = {isa = PBXFileReference; fileEncoding = 4; lastKnownFileType = sourcecode.c.h; path = "UIView+ScreensShot.h"; sourceTree = "<group>"; };
		10DCB6D31B59457C005F3A4A /* UIView+ScreensShot.m */ = {isa = PBXFileReference; fileEncoding = 4; lastKnownFileType = sourcecode.c.objc; path = "UIView+ScreensShot.m"; sourceTree = "<group>"; };
		10E948971B607C7F0015BFB3 /* NSArray+JSONData.h */ = {isa = PBXFileReference; fileEncoding = 4; lastKnownFileType = sourcecode.c.h; path = "NSArray+JSONData.h"; sourceTree = "<group>"; };
		10E948981B607C7F0015BFB3 /* NSArray+JSONData.m */ = {isa = PBXFileReference; fileEncoding = 4; lastKnownFileType = sourcecode.c.objc; path = "NSArray+JSONData.m"; sourceTree = "<group>"; };
		10E948991B607C7F0015BFB3 /* NSDictionary+JSONData.h */ = {isa = PBXFileReference; fileEncoding = 4; lastKnownFileType = sourcecode.c.h; path = "NSDictionary+JSONData.h"; sourceTree = "<group>"; };
		10E9489A1B607C7F0015BFB3 /* NSDictionary+JSONData.m */ = {isa = PBXFileReference; fileEncoding = 4; lastKnownFileType = sourcecode.c.objc; path = "NSDictionary+JSONData.m"; sourceTree = "<group>"; };
		10E9489B1B607C7F0015BFB3 /* NSString+JSONData.h */ = {isa = PBXFileReference; fileEncoding = 4; lastKnownFileType = sourcecode.c.h; path = "NSString+JSONData.h"; sourceTree = "<group>"; };
		10E9489C1B607C7F0015BFB3 /* NSString+JSONData.m */ = {isa = PBXFileReference; fileEncoding = 4; lastKnownFileType = sourcecode.c.objc; path = "NSString+JSONData.m"; sourceTree = "<group>"; };
/* End PBXFileReference section */

/* Begin PBXFrameworksBuildPhase section */
		10100B281B5904B300731753 /* Frameworks */ = {
			isa = PBXFrameworksBuildPhase;
			buildActionMask = 2147483647;
			files = (
			);
			runOnlyForDeploymentPostprocessing = 0;
		};
		10100B411B5904B300731753 /* Frameworks */ = {
			isa = PBXFrameworksBuildPhase;
			buildActionMask = 2147483647;
			files = (
			);
			runOnlyForDeploymentPostprocessing = 0;
		};
/* End PBXFrameworksBuildPhase section */

/* Begin PBXGroup section */
		10100B221B5904B300731753 = {
			isa = PBXGroup;
			children = (
				10100B2D1B5904B300731753 /* BaseViewControllers */,
				10100B471B5904B300731753 /* BaseViewControllersTests */,
				10100B2C1B5904B300731753 /* Products */,
			);
			sourceTree = "<group>";
		};
		10100B2C1B5904B300731753 /* Products */ = {
			isa = PBXGroup;
			children = (
				10100B2B1B5904B300731753 /* BaseViewControllers.app */,
				10100B441B5904B300731753 /* BaseViewControllersTests.xctest */,
			);
			name = Products;
			sourceTree = "<group>";
		};
		10100B2D1B5904B300731753 /* BaseViewControllers */ = {
			isa = PBXGroup;
			children = (
				10100B321B5904B300731753 /* AppDelegate.h */,
				10100B331B5904B300731753 /* AppDelegate.m */,
				10100B5B1B59051900731753 /* RootViewController.h */,
				10100B5C1B59051900731753 /* RootViewController.m */,
				1046DDB41B5B0F2600CAC50E /* RootNavigationViewController.h */,
				1046DDB51B5B0F2600CAC50E /* RootNavigationViewController.m */,
				10100B5E1B59059100731753 /* 首页 */,
				10100B5F1B59059800731753 /* 设置 */,
				10100B601B5905CC00731753 /* 更多 */,
				10100B611B59066000731753 /* 工具类 */,
				10100B3B1B5904B300731753 /* Images.xcassets */,
				10100B3D1B5904B300731753 /* LaunchScreen.xib */,
				10100B2E1B5904B300731753 /* Supporting Files */,
			);
			path = BaseViewControllers;
			sourceTree = "<group>";
		};
		10100B2E1B5904B300731753 /* Supporting Files */ = {
			isa = PBXGroup;
			children = (
				1046DDB71B5B10F800CAC50E /* WxHxD.h */,
				1046DDBB1B5B133C00CAC50E /* UsedColor.h */,
				10100B2F1B5904B300731753 /* Info.plist */,
				10100B301B5904B300731753 /* main.m */,
				10100BA41B5906EB00731753 /* BaseViewControllers.pch */,
			);
			name = "Supporting Files";
			sourceTree = "<group>";
		};
		10100B471B5904B300731753 /* BaseViewControllersTests */ = {
			isa = PBXGroup;
			children = (
				10100B4A1B5904B300731753 /* BaseViewControllersTests.m */,
				10100B481B5904B300731753 /* Supporting Files */,
			);
			path = BaseViewControllersTests;
			sourceTree = "<group>";
		};
		10100B481B5904B300731753 /* Supporting Files */ = {
			isa = PBXGroup;
			children = (
				10100B491B5904B300731753 /* Info.plist */,
			);
			name = "Supporting Files";
			sourceTree = "<group>";
		};
		10100B541B5904E500731753 /* BaseViewControllers */ = {
			isa = PBXGroup;
			children = (
				10100B551B5904F500731753 /* BaseViewController.h */,
				10100B561B5904F500731753 /* BaseViewController.m */,
				10100B571B5904F500731753 /* BaseNavigationViewController.h */,
				10100B581B5904F500731753 /* BaseNavigationViewController.m */,
			);
			name = BaseViewControllers;
			sourceTree = "<group>";
		};
		10100B5E1B59059100731753 /* 首页 */ = {
			isa = PBXGroup;
			children = (
			);
			name = "首页";
			sourceTree = "<group>";
		};
		10100B5F1B59059800731753 /* 设置 */ = {
			isa = PBXGroup;
			children = (
			);
			name = "设置";
			sourceTree = "<group>";
		};
		10100B601B5905CC00731753 /* 更多 */ = {
			isa = PBXGroup;
			children = (
			);
			name = "更多";
			sourceTree = "<group>";
		};
		10100B611B59066000731753 /* 工具类 */ = {
			isa = PBXGroup;
			children = (
				10E948961B607C710015BFB3 /* JSONKit */,
				1046DDBE1B5BD69600CAC50E /* Protocols */,
				10D8A3D21B59E7EA00B20025 /* UIView */,
				10D8A3C81B59E17E00B20025 /* UIColor + Category */,
				1046DE1E1B5BDB7100CAC50E /* UILabel + Category */,
				10DCB6D11B594564005F3A4A /* UIView + Category */,
				1046DE171B5BD70500CAC50E /* NSString + Category */,
				10100B541B5904E500731753 /* BaseViewControllers */,
				10100B621B59068700731753 /* Networking */,
				1046DDBF1B5BD6D500CAC50E /* GONMarkupParser */,
			);
			name = "工具类";
			sourceTree = "<group>";
		};
		10100B621B59068700731753 /* Networking */ = {
			isa = PBXGroup;
			children = (
				10100B631B5906B200731753 /* AFNetworking */,
				10100B771B5906B200731753 /* Networking */,
				10100B7E1B5906B200731753 /* UIKit+AFNetworking */,
			);
			name = Networking;
			sourceTree = "<group>";
		};
		10100B631B5906B200731753 /* AFNetworking */ = {
			isa = PBXGroup;
			children = (
				10100B641B5906B200731753 /* AFHTTPRequestOperation.h */,
				10100B651B5906B200731753 /* AFHTTPRequestOperation.m */,
				10100B661B5906B200731753 /* AFHTTPRequestOperationManager.h */,
				10100B671B5906B200731753 /* AFHTTPRequestOperationManager.m */,
				10100B681B5906B200731753 /* AFHTTPSessionManager.h */,
				10100B691B5906B200731753 /* AFHTTPSessionManager.m */,
				10100B6A1B5906B200731753 /* AFNetworking.h */,
				10100B6B1B5906B200731753 /* AFNetworkReachabilityManager.h */,
				10100B6C1B5906B200731753 /* AFNetworkReachabilityManager.m */,
				10100B6D1B5906B200731753 /* AFSecurityPolicy.h */,
				10100B6E1B5906B200731753 /* AFSecurityPolicy.m */,
				10100B6F1B5906B200731753 /* AFURLConnectionOperation.h */,
				10100B701B5906B200731753 /* AFURLConnectionOperation.m */,
				10100B711B5906B200731753 /* AFURLRequestSerialization.h */,
				10100B721B5906B200731753 /* AFURLRequestSerialization.m */,
				10100B731B5906B200731753 /* AFURLResponseSerialization.h */,
				10100B741B5906B200731753 /* AFURLResponseSerialization.m */,
				10100B751B5906B200731753 /* AFURLSessionManager.h */,
				10100B761B5906B200731753 /* AFURLSessionManager.m */,
			);
			path = AFNetworking;
			sourceTree = "<group>";
		};
		10100B771B5906B200731753 /* Networking */ = {
			isa = PBXGroup;
			children = (
				10100B781B5906B200731753 /* AFDownloadRequestOperation.h */,
				10100B791B5906B200731753 /* AFDownloadRequestOperation.m */,
				10100B7A1B5906B200731753 /* DownloadTask.h */,
				10100B7B1B5906B200731753 /* DownloadTask.m */,
				10100B7C1B5906B200731753 /* Networking.h */,
				10100B7D1B5906B200731753 /* Networking.m */,
			);
			path = Networking;
			sourceTree = "<group>";
		};
		10100B7E1B5906B200731753 /* UIKit+AFNetworking */ = {
			isa = PBXGroup;
			children = (
				10100B7F1B5906B200731753 /* AFNetworkActivityIndicatorManager.h */,
				10100B801B5906B200731753 /* AFNetworkActivityIndicatorManager.m */,
				10100B811B5906B200731753 /* UIActivityIndicatorView+AFNetworking.h */,
				10100B821B5906B200731753 /* UIActivityIndicatorView+AFNetworking.m */,
				10100B831B5906B200731753 /* UIAlertView+AFNetworking.h */,
				10100B841B5906B200731753 /* UIAlertView+AFNetworking.m */,
				10100B851B5906B200731753 /* UIButton+AFNetworking.h */,
				10100B861B5906B200731753 /* UIButton+AFNetworking.m */,
				10100B871B5906B200731753 /* UIImageView+AFNetworking.h */,
				10100B881B5906B200731753 /* UIImageView+AFNetworking.m */,
				10100B891B5906B200731753 /* UIKit+AFNetworking.h */,
				10100B8A1B5906B200731753 /* UIProgressView+AFNetworking.h */,
				10100B8B1B5906B200731753 /* UIProgressView+AFNetworking.m */,
				10100B8C1B5906B200731753 /* UIRefreshControl+AFNetworking.h */,
				10100B8D1B5906B200731753 /* UIRefreshControl+AFNetworking.m */,
				10100B8E1B5906B200731753 /* UIWebView+AFNetworking.h */,
				10100B8F1B5906B200731753 /* UIWebView+AFNetworking.m */,
			);
			path = "UIKit+AFNetworking";
			sourceTree = "<group>";
		};
		1046DDBE1B5BD69600CAC50E /* Protocols */ = {
			isa = PBXGroup;
			children = (
				1046DE251B5BDF8300CAC50E /* UIViewStatesProtocol.h */,
			);
			name = Protocols;
			sourceTree = "<group>";
		};
		1046DDBF1B5BD6D500CAC50E /* GONMarkupParser */ = {
			isa = PBXGroup;
			children = (
				1046DDC01B5BD6D500CAC50E /* GONMarkup+Private.h */,
				1046DDC11B5BD6D500CAC50E /* GONMarkup+Private.m */,
				1046DDC21B5BD6D500CAC50E /* GONMarkup.h */,
				1046DDC31B5BD6D500CAC50E /* GONMarkup.m */,
				1046DDC41B5BD6D500CAC50E /* GONMarkupAlignment.h */,
				1046DDC51B5BD6D500CAC50E /* GONMarkupAlignment.m */,
				1046DDC61B5BD6D500CAC50E /* GONMarkupAnchor.h */,
				1046DDC71B5BD6D500CAC50E /* GONMarkupAnchor.m */,
				1046DDC81B5BD6D500CAC50E /* GONMarkupBlock.h */,
				1046DDC91B5BD6D500CAC50E /* GONMarkupBlock.m */,
				1046DDCA1B5BD6D500CAC50E /* GONMarkupBold.h */,
				1046DDCB1B5BD6D500CAC50E /* GONMarkupBold.m */,
				1046DDCC1B5BD6D500CAC50E /* GONMarkupColor.h */,
				1046DDCD1B5BD6D500CAC50E /* GONMarkupColor.m */,
				1046DDCE1B5BD6D500CAC50E /* GONMarkupDec.h */,
				1046DDCF1B5BD6D500CAC50E /* GONMarkupDec.m */,
				1046DDD01B5BD6D500CAC50E /* GONMarkupDefaultMarkups.h */,
				1046DDD11B5BD6D500CAC50E /* GONMarkupFont.h */,
				1046DDD21B5BD6D500CAC50E /* GONMarkupFont.m */,
				1046DDD31B5BD6D500CAC50E /* GONMarkupFontTraits.h */,
				1046DDD41B5BD6D500CAC50E /* GONMarkupFontTraits.m */,
				1046DDD51B5BD6D500CAC50E /* GONMarkupInc.h */,
				1046DDD61B5BD6D500CAC50E /* GONMarkupInc.m */,
				1046DDD71B5BD6D500CAC50E /* GONMarkupItalic.h */,
				1046DDD81B5BD6D500CAC50E /* GONMarkupItalic.m */,
				1046DDD91B5BD6D500CAC50E /* GONMarkupLineBreak.h */,
				1046DDDA1B5BD6D500CAC50E /* GONMarkupLineBreak.m */,
				1046DDDB1B5BD6D500CAC50E /* GONMarkupLineStyle.h */,
				1046DDDC1B5BD6D500CAC50E /* GONMarkupLineStyle.m */,
				1046DDDD1B5BD6D500CAC50E /* GONMarkupList.h */,
				1046DDDE1B5BD6D500CAC50E /* GONMarkupList.m */,
				1046DDDF1B5BD6D500CAC50E /* GONMarkupListItem.h */,
				1046DDE01B5BD6D500CAC50E /* GONMarkupListItem.m */,
				1046DDE11B5BD6D500CAC50E /* GONMarkupNamedColor.h */,
				1046DDE21B5BD6D500CAC50E /* GONMarkupNamedColor.m */,
				1046DDE31B5BD6D500CAC50E /* GONMarkupNamedFont.h */,
				1046DDE41B5BD6D500CAC50E /* GONMarkupNamedFont.m */,
				1046DDE51B5BD6D500CAC50E /* GONMarkupParagrap.h */,
				1046DDE61B5BD6D500CAC50E /* GONMarkupParagrap.m */,
				1046DDE71B5BD6D500CAC50E /* GONMarkupParser.h */,
				1046DDE81B5BD6D500CAC50E /* GONMarkupParser.m */,
				1046DDE91B5BD6D500CAC50E /* GONMarkupParser_All.h */,
				1046DDEA1B5BD6D500CAC50E /* GONMarkupParser_Categories.h */,
				1046DDEB1B5BD6D500CAC50E /* GONMarkupParserManager.h */,
				1046DDEC1B5BD6D500CAC50E /* GONMarkupParserManager.m */,
				1046DDED1B5BD6D500CAC50E /* GONMarkupParserUtils.h */,
				1046DDEE1B5BD6D500CAC50E /* GONMarkupParserUtils.m */,
				1046DDEF1B5BD6D500CAC50E /* GONMarkupReset.h */,
				1046DDF01B5BD6D500CAC50E /* GONMarkupReset.m */,
				1046DDF11B5BD6D500CAC50E /* GONMarkupSimple.h */,
				1046DDF21B5BD6D500CAC50E /* GONMarkupSimple.m */,
				1046DDF31B5BD6D500CAC50E /* GONMarkupTextStyle.h */,
				1046DDF41B5BD6D500CAC50E /* GONMarkupTextStyle.m */,
				1046DDF51B5BD6D500CAC50E /* UILabel+GONMarkupParser.h */,
				1046DDF61B5BD6D500CAC50E /* UILabel+GONMarkupParser.m */,
				1046DDF71B5BD6D500CAC50E /* UITextField+GONMarkupParser.h */,
				1046DDF81B5BD6D500CAC50E /* UITextField+GONMarkupParser.m */,
				1046DDF91B5BD6D500CAC50E /* UITextView+GONMarkupParser.h */,
				1046DDFA1B5BD6D500CAC50E /* UITextView+GONMarkupParser.m */,
			);
			path = GONMarkupParser;
			sourceTree = "<group>";
		};
		1046DE171B5BD70500CAC50E /* NSString + Category */ = {
			isa = PBXGroup;
			children = (
				1046DE181B5BD72D00CAC50E /* NSString+Color.h */,
				1046DE191B5BD72D00CAC50E /* NSString+Color.m */,
				1046DE1B1B5BD80700CAC50E /* NSString+GONMarkupPaser.h */,
				1046DE1C1B5BD80700CAC50E /* NSString+GONMarkupPaser.m */,
			);
			name = "NSString + Category";
			sourceTree = "<group>";
		};
		1046DE1E1B5BDB7100CAC50E /* UILabel + Category */ = {
			isa = PBXGroup;
			children = (
				1046DE1F1B5BDC5200CAC50E /* UILabel+Inits.h */,
				1046DE201B5BDC5200CAC50E /* UILabel+Inits.m */,
			);
			name = "UILabel + Category";
			sourceTree = "<group>";
		};
		10D8A3C81B59E17E00B20025 /* UIColor + Category */ = {
			isa = PBXGroup;
			children = (
				10D8A3C91B59E18E00B20025 /* UIColor+uiGradients.h */,
				10D8A3CA1B59E18E00B20025 /* UIColor+uiGradients.m */,
			);
			name = "UIColor + Category";
			sourceTree = "<group>";
		};
		10D8A3D21B59E7EA00B20025 /* UIView */ = {
			isa = PBXGroup;
			children = (
				10D8A3D31B59E82A00B20025 /* GradientView.h */,
				10D8A3D41B59E82A00B20025 /* GradientView.m */,
			);
			name = UIView;
			sourceTree = "<group>";
		};
		10DCB6D11B594564005F3A4A /* UIView + Category */ = {
			isa = PBXGroup;
			children = (
				10DCB6D21B59457C005F3A4A /* UIView+ScreensShot.h */,
				10DCB6D31B59457C005F3A4A /* UIView+ScreensShot.m */,
				1046DDB81B5B11D400CAC50E /* UIView+Inits.h */,
				1046DDB91B5B11D400CAC50E /* UIView+Inits.m */,
				1046DE221B5BDD9300CAC50E /* UIView+SetRect.h */,
				1046DE231B5BDD9300CAC50E /* UIView+SetRect.m */,
			);
			name = "UIView + Category";
			sourceTree = "<group>";
		};
		10E948961B607C710015BFB3 /* JSONKit */ = {
			isa = PBXGroup;
			children = (
				10E948971B607C7F0015BFB3 /* NSArray+JSONData.h */,
				10E948981B607C7F0015BFB3 /* NSArray+JSONData.m */,
				10E948991B607C7F0015BFB3 /* NSDictionary+JSONData.h */,
				10E9489A1B607C7F0015BFB3 /* NSDictionary+JSONData.m */,
				10E9489B1B607C7F0015BFB3 /* NSString+JSONData.h */,
				10E9489C1B607C7F0015BFB3 /* NSString+JSONData.m */,
			);
			name = JSONKit;
			sourceTree = "<group>";
		};
/* End PBXGroup section */

/* Begin PBXNativeTarget section */
		10100B2A1B5904B300731753 /* BaseViewControllers */ = {
			isa = PBXNativeTarget;
			buildConfigurationList = 10100B4E1B5904B300731753 /* Build configuration list for PBXNativeTarget "BaseViewControllers" */;
			buildPhases = (
				10100B271B5904B300731753 /* Sources */,
				10100B281B5904B300731753 /* Frameworks */,
				10100B291B5904B300731753 /* Resources */,
			);
			buildRules = (
			);
			dependencies = (
			);
			name = BaseViewControllers;
			productName = BaseViewControllers;
			productReference = 10100B2B1B5904B300731753 /* BaseViewControllers.app */;
			productType = "com.apple.product-type.application";
		};
		10100B431B5904B300731753 /* BaseViewControllersTests */ = {
			isa = PBXNativeTarget;
			buildConfigurationList = 10100B511B5904B300731753 /* Build configuration list for PBXNativeTarget "BaseViewControllersTests" */;
			buildPhases = (
				10100B401B5904B300731753 /* Sources */,
				10100B411B5904B300731753 /* Frameworks */,
				10100B421B5904B300731753 /* Resources */,
			);
			buildRules = (
			);
			dependencies = (
				10100B461B5904B300731753 /* PBXTargetDependency */,
			);
			name = BaseViewControllersTests;
			productName = BaseViewControllersTests;
			productReference = 10100B441B5904B300731753 /* BaseViewControllersTests.xctest */;
			productType = "com.apple.product-type.bundle.unit-test";
		};
/* End PBXNativeTarget section */

/* Begin PBXProject section */
		10100B231B5904B300731753 /* Project object */ = {
			isa = PBXProject;
			attributes = {
				LastUpgradeCheck = 0640;
				ORGANIZATIONNAME = YouXianMing;
				TargetAttributes = {
					10100B2A1B5904B300731753 = {
						CreatedOnToolsVersion = 6.4;
					};
					10100B431B5904B300731753 = {
						CreatedOnToolsVersion = 6.4;
						TestTargetID = 10100B2A1B5904B300731753;
					};
				};
			};
			buildConfigurationList = 10100B261B5904B300731753 /* Build configuration list for PBXProject "BaseViewControllers" */;
			compatibilityVersion = "Xcode 3.2";
			developmentRegion = English;
			hasScannedForEncodings = 0;
			knownRegions = (
				en,
				Base,
			);
			mainGroup = 10100B221B5904B300731753;
			productRefGroup = 10100B2C1B5904B300731753 /* Products */;
			projectDirPath = "";
			projectRoot = "";
			targets = (
				10100B2A1B5904B300731753 /* BaseViewControllers */,
				10100B431B5904B300731753 /* BaseViewControllersTests */,
			);
		};
/* End PBXProject section */

/* Begin PBXResourcesBuildPhase section */
		10100B291B5904B300731753 /* Resources */ = {
			isa = PBXResourcesBuildPhase;
			buildActionMask = 2147483647;
			files = (
				10100B3F1B5904B300731753 /* LaunchScreen.xib in Resources */,
				10100B3C1B5904B300731753 /* Images.xcassets in Resources */,
			);
			runOnlyForDeploymentPostprocessing = 0;
		};
		10100B421B5904B300731753 /* Resources */ = {
			isa = PBXResourcesBuildPhase;
			buildActionMask = 2147483647;
			files = (
			);
			runOnlyForDeploymentPostprocessing = 0;
		};
/* End PBXResourcesBuildPhase section */

/* Begin PBXSourcesBuildPhase section */
		10100B271B5904B300731753 /* Sources */ = {
			isa = PBXSourcesBuildPhase;
			buildActionMask = 2147483647;
			files = (
				10100B951B5906B200731753 /* AFURLConnectionOperation.m in Sources */,
				10100B901B5906B200731753 /* AFHTTPRequestOperation.m in Sources */,
				1046DE041B5BD6D500CAC50E /* GONMarkupFontTraits.m in Sources */,
				1046DE1A1B5BD72D00CAC50E /* NSString+Color.m in Sources */,
				10100BA21B5906B200731753 /* UIRefreshControl+AFNetworking.m in Sources */,
				10100B9F1B5906B200731753 /* UIButton+AFNetworking.m in Sources */,
				1046DE161B5BD6D500CAC50E /* UITextView+GONMarkupParser.m in Sources */,
				1046DE0B1B5BD6D500CAC50E /* GONMarkupNamedColor.m in Sources */,
				10E9489E1B607C7F0015BFB3 /* NSDictionary+JSONData.m in Sources */,
				1046DE071B5BD6D500CAC50E /* GONMarkupLineBreak.m in Sources */,
				10100BA11B5906B200731753 /* UIProgressView+AFNetworking.m in Sources */,
				1046DE211B5BDC5200CAC50E /* UILabel+Inits.m in Sources */,
				10100B931B5906B200731753 /* AFNetworkReachabilityManager.m in Sources */,
				10100B981B5906B200731753 /* AFURLSessionManager.m in Sources */,
				10E9489D1B607C7F0015BFB3 /* NSArray+JSONData.m in Sources */,
				10100B9E1B5906B200731753 /* UIAlertView+AFNetworking.m in Sources */,
				1046DE101B5BD6D500CAC50E /* GONMarkupParserUtils.m in Sources */,
				1046DDBA1B5B11D400CAC50E /* UIView+Inits.m in Sources */,
				1046DE061B5BD6D500CAC50E /* GONMarkupItalic.m in Sources */,
				1046DE011B5BD6D500CAC50E /* GONMarkupColor.m in Sources */,
				10100B9A1B5906B200731753 /* DownloadTask.m in Sources */,
				1046DDFB1B5BD6D500CAC50E /* GONMarkup+Private.m in Sources */,
				1046DE001B5BD6D500CAC50E /* GONMarkupBold.m in Sources */,
				1046DE021B5BD6D500CAC50E /* GONMarkupDec.m in Sources */,
				10100B961B5906B200731753 /* AFURLRequestSerialization.m in Sources */,
				1046DE151B5BD6D500CAC50E /* UITextField+GONMarkupParser.m in Sources */,
				10100B5A1B5904F500731753 /* BaseNavigationViewController.m in Sources */,
				1046DDFE1B5BD6D500CAC50E /* GONMarkupAnchor.m in Sources */,
				1046DE141B5BD6D500CAC50E /* UILabel+GONMarkupParser.m in Sources */,
				1046DE081B5BD6D500CAC50E /* GONMarkupLineStyle.m in Sources */,
				10100BA01B5906B200731753 /* UIImageView+AFNetworking.m in Sources */,
				10DCB6D41B59457C005F3A4A /* UIView+ScreensShot.m in Sources */,
				10100B991B5906B200731753 /* AFDownloadRequestOperation.m in Sources */,
				1046DE1D1B5BD80700CAC50E /* NSString+GONMarkupPaser.m in Sources */,
				1046DDFD1B5BD6D500CAC50E /* GONMarkupAlignment.m in Sources */,
				10100B9D1B5906B200731753 /* UIActivityIndicatorView+AFNetworking.m in Sources */,
				10100B9C1B5906B200731753 /* AFNetworkActivityIndicatorManager.m in Sources */,
				10100B971B5906B200731753 /* AFURLResponseSerialization.m in Sources */,
				1046DE051B5BD6D500CAC50E /* GONMarkupInc.m in Sources */,
				1046DE0D1B5BD6D500CAC50E /* GONMarkupParagrap.m in Sources */,
				10100B591B5904F500731753 /* BaseViewController.m in Sources */,
				1046DE0C1B5BD6D500CAC50E /* GONMarkupNamedFont.m in Sources */,
				10100B341B5904B300731753 /* AppDelegate.m in Sources */,
				1046DE031B5BD6D500CAC50E /* GONMarkupFont.m in Sources */,
				10E9489F1B607C7F0015BFB3 /* NSString+JSONData.m in Sources */,
				10100B9B1B5906B200731753 /* Networking.m in Sources */,
				10100B911B5906B200731753 /* AFHTTPRequestOperationManager.m in Sources */,
				10100B941B5906B200731753 /* AFSecurityPolicy.m in Sources */,
				1046DE241B5BDD9300CAC50E /* UIView+SetRect.m in Sources */,
				10100B311B5904B300731753 /* main.m in Sources */,
				1046DE121B5BD6D500CAC50E /* GONMarkupSimple.m in Sources */,
				1046DE0E1B5BD6D500CAC50E /* GONMarkupParser.m in Sources */,
				1046DE131B5BD6D500CAC50E /* GONMarkupTextStyle.m in Sources */,
				1046DDB61B5B0F2600CAC50E /* RootNavigationViewController.m in Sources */,
				1046DE0F1B5BD6D500CAC50E /* GONMarkupParserManager.m in Sources */,
				1046DE111B5BD6D500CAC50E /* GONMarkupReset.m in Sources */,
				1046DE0A1B5BD6D500CAC50E /* GONMarkupListItem.m in Sources */,
				1046DDFC1B5BD6D500CAC50E /* GONMarkup.m in Sources */,
				1046DE091B5BD6D500CAC50E /* GONMarkupList.m in Sources */,
				10D8A3CB1B59E18E00B20025 /* UIColor+uiGradients.m in Sources */,
				10100BA31B5906B200731753 /* UIWebView+AFNetworking.m in Sources */,
				10100B5D1B59051900731753 /* RootViewController.m in Sources */,
				10D8A3D51B59E82A00B20025 /* GradientView.m in Sources */,
				10100B921B5906B200731753 /* AFHTTPSessionManager.m in Sources */,
				1046DDFF1B5BD6D500CAC50E /* GONMarkupBlock.m in Sources */,
			);
			runOnlyForDeploymentPostprocessing = 0;
		};
		10100B401B5904B300731753 /* Sources */ = {
			isa = PBXSourcesBuildPhase;
			buildActionMask = 2147483647;
			files = (
				10100B4B1B5904B300731753 /* BaseViewControllersTests.m in Sources */,
			);
			runOnlyForDeploymentPostprocessing = 0;
		};
/* End PBXSourcesBuildPhase section */

/* Begin PBXTargetDependency section */
		10100B461B5904B300731753 /* PBXTargetDependency */ = {
			isa = PBXTargetDependency;
			target = 10100B2A1B5904B300731753 /* BaseViewControllers */;
			targetProxy = 10100B451B5904B300731753 /* PBXContainerItemProxy */;
		};
/* End PBXTargetDependency section */

/* Begin PBXVariantGroup section */
		10100B3D1B5904B300731753 /* LaunchScreen.xib */ = {
			isa = PBXVariantGroup;
			children = (
				10100B3E1B5904B300731753 /* Base */,
			);
			name = LaunchScreen.xib;
			sourceTree = "<group>";
		};
/* End PBXVariantGroup section */

/* Begin XCBuildConfiguration section */
		10100B4C1B5904B300731753 /* Debug */ = {
			isa = XCBuildConfiguration;
			buildSettings = {
				ALWAYS_SEARCH_USER_PATHS = NO;
				CLANG_CXX_LANGUAGE_STANDARD = "gnu++0x";
				CLANG_CXX_LIBRARY = "libc++";
				CLANG_ENABLE_MODULES = YES;
				CLANG_ENABLE_OBJC_ARC = YES;
				CLANG_WARN_BOOL_CONVERSION = YES;
				CLANG_WARN_CONSTANT_CONVERSION = YES;
				CLANG_WARN_DIRECT_OBJC_ISA_USAGE = YES_ERROR;
				CLANG_WARN_EMPTY_BODY = YES;
				CLANG_WARN_ENUM_CONVERSION = YES;
				CLANG_WARN_INT_CONVERSION = YES;
				CLANG_WARN_OBJC_ROOT_CLASS = YES_ERROR;
				CLANG_WARN_UNREACHABLE_CODE = YES;
				CLANG_WARN__DUPLICATE_METHOD_MATCH = YES;
				"CODE_SIGN_IDENTITY[sdk=iphoneos*]" = "iPhone Developer";
				COPY_PHASE_STRIP = NO;
				DEBUG_INFORMATION_FORMAT = "dwarf-with-dsym";
				ENABLE_STRICT_OBJC_MSGSEND = YES;
				GCC_C_LANGUAGE_STANDARD = gnu99;
				GCC_DYNAMIC_NO_PIC = NO;
				GCC_NO_COMMON_BLOCKS = YES;
				GCC_OPTIMIZATION_LEVEL = 0;
				GCC_PREPROCESSOR_DEFINITIONS = (
					"DEBUG=1",
					"$(inherited)",
				);
				GCC_SYMBOLS_PRIVATE_EXTERN = NO;
				GCC_WARN_64_TO_32_BIT_CONVERSION = YES;
				GCC_WARN_ABOUT_RETURN_TYPE = YES_ERROR;
				GCC_WARN_UNDECLARED_SELECTOR = YES;
				GCC_WARN_UNINITIALIZED_AUTOS = YES_AGGRESSIVE;
				GCC_WARN_UNUSED_FUNCTION = YES;
				GCC_WARN_UNUSED_VARIABLE = YES;
				IPHONEOS_DEPLOYMENT_TARGET = 8.4;
				MTL_ENABLE_DEBUG_INFO = YES;
				ONLY_ACTIVE_ARCH = YES;
				SDKROOT = iphoneos;
				TARGETED_DEVICE_FAMILY = "1,2";
			};
			name = Debug;
		};
		10100B4D1B5904B300731753 /* Release */ = {
			isa = XCBuildConfiguration;
			buildSettings = {
				ALWAYS_SEARCH_USER_PATHS = NO;
				CLANG_CXX_LANGUAGE_STANDARD = "gnu++0x";
				CLANG_CXX_LIBRARY = "libc++";
				CLANG_ENABLE_MODULES = YES;
				CLANG_ENABLE_OBJC_ARC = YES;
				CLANG_WARN_BOOL_CONVERSION = YES;
				CLANG_WARN_CONSTANT_CONVERSION = YES;
				CLANG_WARN_DIRECT_OBJC_ISA_USAGE = YES_ERROR;
				CLANG_WARN_EMPTY_BODY = YES;
				CLANG_WARN_ENUM_CONVERSION = YES;
				CLANG_WARN_INT_CONVERSION = YES;
				CLANG_WARN_OBJC_ROOT_CLASS = YES_ERROR;
				CLANG_WARN_UNREACHABLE_CODE = YES;
				CLANG_WARN__DUPLICATE_METHOD_MATCH = YES;
				"CODE_SIGN_IDENTITY[sdk=iphoneos*]" = "iPhone Developer";
				COPY_PHASE_STRIP = NO;
				DEBUG_INFORMATION_FORMAT = "dwarf-with-dsym";
				ENABLE_NS_ASSERTIONS = NO;
				ENABLE_STRICT_OBJC_MSGSEND = YES;
				GCC_C_LANGUAGE_STANDARD = gnu99;
				GCC_NO_COMMON_BLOCKS = YES;
				GCC_WARN_64_TO_32_BIT_CONVERSION = YES;
				GCC_WARN_ABOUT_RETURN_TYPE = YES_ERROR;
				GCC_WARN_UNDECLARED_SELECTOR = YES;
				GCC_WARN_UNINITIALIZED_AUTOS = YES_AGGRESSIVE;
				GCC_WARN_UNUSED_FUNCTION = YES;
				GCC_WARN_UNUSED_VARIABLE = YES;
				IPHONEOS_DEPLOYMENT_TARGET = 8.4;
				MTL_ENABLE_DEBUG_INFO = NO;
				SDKROOT = iphoneos;
				TARGETED_DEVICE_FAMILY = "1,2";
				VALIDATE_PRODUCT = YES;
			};
			name = Release;
		};
		10100B4F1B5904B300731753 /* Debug */ = {
			isa = XCBuildConfiguration;
			buildSettings = {
				ASSETCATALOG_COMPILER_APPICON_NAME = AppIcon;
				GCC_PREFIX_HEADER = "$(SRCROOT)/$(PROJECT_NAME)/BaseViewControllers.pch";
				INFOPLIST_FILE = BaseViewControllers/Info.plist;
				LD_RUNPATH_SEARCH_PATHS = "$(inherited) @executable_path/Frameworks";
				PRODUCT_NAME = "$(TARGET_NAME)";
			};
			name = Debug;
		};
		10100B501B5904B300731753 /* Release */ = {
			isa = XCBuildConfiguration;
			buildSettings = {
				ASSETCATALOG_COMPILER_APPICON_NAME = AppIcon;
				GCC_PREFIX_HEADER = "$(SRCROOT)/$(PROJECT_NAME)/BaseViewControllers.pch";
				INFOPLIST_FILE = BaseViewControllers/Info.plist;
				LD_RUNPATH_SEARCH_PATHS = "$(inherited) @executable_path/Frameworks";
				PRODUCT_NAME = "$(TARGET_NAME)";
			};
			name = Release;
		};
		10100B521B5904B300731753 /* Debug */ = {
			isa = XCBuildConfiguration;
			buildSettings = {
				BUNDLE_LOADER = "$(TEST_HOST)";
				FRAMEWORK_SEARCH_PATHS = (
					"$(SDKROOT)/Developer/Library/Frameworks",
					"$(inherited)",
				);
				GCC_PREPROCESSOR_DEFINITIONS = (
					"DEBUG=1",
					"$(inherited)",
				);
				INFOPLIST_FILE = BaseViewControllersTests/Info.plist;
				LD_RUNPATH_SEARCH_PATHS = "$(inherited) @executable_path/Frameworks @loader_path/Frameworks";
				PRODUCT_NAME = "$(TARGET_NAME)";
				TEST_HOST = "$(BUILT_PRODUCTS_DIR)/BaseViewControllers.app/BaseViewControllers";
			};
			name = Debug;
		};
		10100B531B5904B300731753 /* Release */ = {
			isa = XCBuildConfiguration;
			buildSettings = {
				BUNDLE_LOADER = "$(TEST_HOST)";
				FRAMEWORK_SEARCH_PATHS = (
					"$(SDKROOT)/Developer/Library/Frameworks",
					"$(inherited)",
				);
				INFOPLIST_FILE = BaseViewControllersTests/Info.plist;
				LD_RUNPATH_SEARCH_PATHS = "$(inherited) @executable_path/Frameworks @loader_path/Frameworks";
				PRODUCT_NAME = "$(TARGET_NAME)";
				TEST_HOST = "$(BUILT_PRODUCTS_DIR)/BaseViewControllers.app/BaseViewControllers";
			};
			name = Release;
		};
/* End XCBuildConfiguration section */

/* Begin XCConfigurationList section */
		10100B261B5904B300731753 /* Build configuration list for PBXProject "BaseViewControllers" */ = {
			isa = XCConfigurationList;
			buildConfigurations = (
				10100B4C1B5904B300731753 /* Debug */,
				10100B4D1B5904B300731753 /* Release */,
			);
			defaultConfigurationIsVisible = 0;
			defaultConfigurationName = Release;
		};
		10100B4E1B5904B300731753 /* Build configuration list for PBXNativeTarget "BaseViewControllers" */ = {
			isa = XCConfigurationList;
			buildConfigurations = (
				10100B4F1B5904B300731753 /* Debug */,
				10100B501B5904B300731753 /* Release */,
			);
			defaultConfigurationIsVisible = 0;
			defaultConfigurationName = Release;
		};
		10100B511B5904B300731753 /* Build configuration list for PBXNativeTarget "BaseViewControllersTests" */ = {
			isa = XCConfigurationList;
			buildConfigurations = (
				10100B521B5904B300731753 /* Debug */,
				10100B531B5904B300731753 /* Release */,
			);
			defaultConfigurationIsVisible = 0;
			defaultConfigurationName = Release;
		};
/* End XCConfigurationList section */
	};
	rootObject = 10100B231B5904B300731753 /* Project object */;
}
